{
	"name": "website",
	"version": "0.0.1",
	"lockfileVersion": 2,
	"requires": true,
	"packages": {
		"": {
			"name": "website",
			"version": "0.0.1",
			"devDependencies": {
				"@smui/list": "^6.1.4",
				"@sveltejs/adapter-static": "^1.0.0-next.43"
			}
		},
		"node_modules/@material/animation": {
			"version": "13.0.0",
			"resolved": "https://registry.npmjs.org/@material/animation/-/animation-13.0.0.tgz",
			"integrity": "sha512-YR0/u4u56qXDjKYolQ7F+IvlPkaSBhMl/dZv8DK0FbD6PH4ckOPd3bEXNRndXtprsxwknQQP2pttjPImylkl0g==",
			"dev": true,
			"dependencies": {
				"tslib": "^2.1.0"
			}
		},
		"node_modules/@material/base": {
			"version": "13.0.0",
			"resolved": "https://registry.npmjs.org/@material/base/-/base-13.0.0.tgz",
			"integrity": "sha512-vFx0JryRfcvUNX3cZ2u32wUMvxzd+c/YW0LFOXNgqCDWlubHcMm0Y6Wz371LhfQo80/NE69u+/4Joo99yKnVeg==",
			"dev": true,
			"dependencies": {
				"tslib": "^2.1.0"
			}
		},
		"node_modules/@material/density": {
			"version": "13.0.0",
			"resolved": "https://registry.npmjs.org/@material/density/-/density-13.0.0.tgz",
			"integrity": "sha512-ppJTzOsuhjQam5GvHaq/XZocZNUr+41XQ2sd5nONAmQ0wwzXgqG0FaxtF1EXqK3uZFadz+vAu6enagre9DXhTA==",
			"dev": true,
			"dependencies": {
				"tslib": "^2.1.0"
			}
		},
		"node_modules/@material/dom": {
			"version": "13.0.0",
			"resolved": "https://registry.npmjs.org/@material/dom/-/dom-13.0.0.tgz",
			"integrity": "sha512-M9HLAYBZtkTUvf66FL+jAEvUOdhji1HkGA1mV6oyE+HY9gkCkmso+mngvzlLd5+uaAVE9I3WQFhSb9gp0cpXnw==",
			"dev": true,
			"dependencies": {
				"@material/feature-targeting": "^13.0.0",
				"tslib": "^2.1.0"
			}
		},
		"node_modules/@material/feature-targeting": {
			"version": "13.0.0",
			"resolved": "https://registry.npmjs.org/@material/feature-targeting/-/feature-targeting-13.0.0.tgz",
			"integrity": "sha512-QJClfeaA4EMyAxKJy9WR0Nx+/VwSZCkhGLUVBG9NhxqYGfl/LtaeaidrNm32vYEoNZAofN92VD2RwQTRwp/dMQ==",
			"dev": true,
			"dependencies": {
				"tslib": "^2.1.0"
			}
		},
		"node_modules/@material/list": {
			"version": "13.0.0",
			"resolved": "https://registry.npmjs.org/@material/list/-/list-13.0.0.tgz",
			"integrity": "sha512-poq4WNDEfW6Z3YPAn3wdBX4RSkj3A83Pht6984MmG8YJZMlq34ftHECw37VcdmFJIyRPdpZqywJo/i7CxsSAgQ==",
			"dev": true,
			"dependencies": {
				"@material/base": "^13.0.0",
				"@material/density": "^13.0.0",
				"@material/dom": "^13.0.0",
				"@material/feature-targeting": "^13.0.0",
				"@material/ripple": "^13.0.0",
				"@material/rtl": "^13.0.0",
				"@material/shape": "^13.0.0",
				"@material/theme": "^13.0.0",
				"@material/typography": "^13.0.0",
				"tslib": "^2.1.0"
			}
		},
		"node_modules/@material/ripple": {
			"version": "13.0.0",
			"resolved": "https://registry.npmjs.org/@material/ripple/-/ripple-13.0.0.tgz",
			"integrity": "sha512-hx4B40hB2rRfsGwf1jwo2GGlYDq0yUQjcMcMmXfQipPJNpQhy8ylmXKc1DBjmWf7EQ/MgbfCSYwPrYXrbGP31w==",
			"dev": true,
			"dependencies": {
				"@material/animation": "^13.0.0",
				"@material/base": "^13.0.0",
				"@material/dom": "^13.0.0",
				"@material/feature-targeting": "^13.0.0",
				"@material/rtl": "^13.0.0",
				"@material/theme": "^13.0.0",
				"tslib": "^2.1.0"
			}
		},
		"node_modules/@material/rtl": {
			"version": "13.0.0",
			"resolved": "https://registry.npmjs.org/@material/rtl/-/rtl-13.0.0.tgz",
			"integrity": "sha512-nFGy3iQg7k+xLs67eb86mRFVLwa0yi7MusqRK4OM8DXcLO5yoVfUTPKpdSykcbRryp9imVHsxutox2tZawR4og==",
			"dev": true,
			"dependencies": {
				"@material/theme": "^13.0.0",
				"tslib": "^2.1.0"
			}
		},
		"node_modules/@material/shape": {
			"version": "13.0.0",
			"resolved": "https://registry.npmjs.org/@material/shape/-/shape-13.0.0.tgz",
			"integrity": "sha512-exk96+iCjzCujk3aSrvIMhmW773s1Tc0h+MbQKbt6Iv3nHJCyLSiRbxclCHXWHrVwG/9KZRkrt/g2qk7P3VRBg==",
			"dev": true,
			"dependencies": {
				"@material/feature-targeting": "^13.0.0",
				"@material/rtl": "^13.0.0",
				"@material/theme": "^13.0.0",
				"tslib": "^2.1.0"
			}
		},
		"node_modules/@material/theme": {
			"version": "13.0.0",
			"resolved": "https://registry.npmjs.org/@material/theme/-/theme-13.0.0.tgz",
			"integrity": "sha512-KAe1s0MvvfCGAwJliDVTvgAKuD3ESwhl7F7br4Iam4IPdqME2rWl8NPhKHFfaWqTG7PyCgMMngYEYuA8cLNTsA==",
			"dev": true,
			"dependencies": {
				"@material/feature-targeting": "^13.0.0",
				"tslib": "^2.1.0"
			}
		},
		"node_modules/@material/typography": {
			"version": "13.0.0",
			"resolved": "https://registry.npmjs.org/@material/typography/-/typography-13.0.0.tgz",
			"integrity": "sha512-UfaK4vT3LmGiiySf2RVIrf7fJZa6EJadFwo4YUMJx9bvUMRlBm1oI8Vo9fYpKdLfuSTeA+2BlgbwYVObj3laFw==",
			"dev": true,
			"dependencies": {
				"@material/feature-targeting": "^13.0.0",
				"@material/theme": "^13.0.0",
				"tslib": "^2.1.0"
			}
		},
		"node_modules/@smui/common": {
			"version": "6.1.4",
			"resolved": "https://registry.npmjs.org/@smui/common/-/common-6.1.4.tgz",
			"integrity": "sha512-l6c4gJH+qP9HdM9RhTP07Gl8eewVbYWT7QfVSAF+wwji32ndjgZLlP5P2Jl/GmsQOOlDoNB3VPy/o4Z/kab31g==",
			"dev": true,
			"dependencies": {
				"@material/dom": "^13.0.0",
				"@tsconfig/svelte": "^3.0.0",
				"svelte2tsx": "^0.5.12"
			}
		},
		"node_modules/@smui/list": {
			"version": "6.1.4",
			"resolved": "https://registry.npmjs.org/@smui/list/-/list-6.1.4.tgz",
			"integrity": "sha512-YPecf8ib/EETUVlt+TZMclzm5S+usMVpFsIgidMR75+HFUpXVlHsaOqGdQuQYJ75YRf3HZcYwUNn4t2B3ayhTg==",
			"dev": true,
			"dependencies": {
				"@material/dom": "^13.0.0",
				"@material/feature-targeting": "^13.0.0",
				"@material/list": "^13.0.0",
				"@smui/common": "^6.1.4",
				"@smui/ripple": "^6.1.4",
				"svelte2tsx": "^0.5.12"
			}
		},
		"node_modules/@smui/ripple": {
			"version": "6.1.4",
			"resolved": "https://registry.npmjs.org/@smui/ripple/-/ripple-6.1.4.tgz",
			"integrity": "sha512-bMyjVE13Mpy8iygQTtxFTPfxJcefAD/4JBDTm3EORhyO16CcSHhHmMuUjP8YxWTPmn+mnWaeNORZ31aJt4tlYw==",
			"dev": true,
			"dependencies": {
				"@material/dom": "^13.0.0",
				"@material/ripple": "^13.0.0",
				"@smui/common": "^6.1.4",
				"svelte2tsx": "^0.5.12"
			}
		},
		"node_modules/@sveltejs/adapter-static": {
			"version": "1.0.0-next.43",
			"resolved": "https://registry.npmjs.org/@sveltejs/adapter-static/-/adapter-static-1.0.0-next.43.tgz",
			"integrity": "sha512-PAgSp1GA8HkYE4p30/sBvJme2nefhcTBJafqQdMNoUksWZF2WzuL8OEO8wa9ndE6cghcGk3j6Ve0Oskg/wtTOw==",
			"dev": true
		},
		"node_modules/@tsconfig/svelte": {
			"version": "3.0.0",
			"resolved": "https://registry.npmjs.org/@tsconfig/svelte/-/svelte-3.0.0.tgz",
			"integrity": "sha512-pYrtLtOwku/7r1i9AMONsJMVYAtk3hzOfiGNekhtq5tYBGA7unMve8RvUclKLMT3PrihvJqUmzsRGh0RP84hKg==",
			"dev": true
		},
		"node_modules/dedent-js": {
			"version": "1.0.1",
			"resolved": "https://registry.npmjs.org/dedent-js/-/dedent-js-1.0.1.tgz",
			"integrity": "sha512-OUepMozQULMLUmhxS95Vudo0jb0UchLimi3+pQ2plj61Fcy8axbP9hbiD4Sz6DPqn6XG3kfmziVfQ1rSys5AJQ==",
			"dev": true
		},
		"node_modules/lower-case": {
			"version": "2.0.2",
			"resolved": "https://registry.npmjs.org/lower-case/-/lower-case-2.0.2.tgz",
			"integrity": "sha512-7fm3l3NAF9WfN6W3JOmf5drwpVqX78JtoGJ3A6W0a6ZnldM41w2fV5D490psKFTpMds8TJse/eHLFFsNHHjHgg==",
			"dev": true,
			"dependencies": {
				"tslib": "^2.0.3"
			}
		},
		"node_modules/no-case": {
			"version": "3.0.4",
			"resolved": "https://registry.npmjs.org/no-case/-/no-case-3.0.4.tgz",
			"integrity": "sha512-fgAN3jGAh+RoxUGZHTSOLJIqUc2wmoBwGR4tbpNAKmmovFoWq0OdRkb0VkldReO2a2iBT/OEulG9XSUc10r3zg==",
			"dev": true,
			"dependencies": {
				"lower-case": "^2.0.2",
				"tslib": "^2.0.3"
			}
		},
		"node_modules/pascal-case": {
			"version": "3.1.2",
			"resolved": "https://registry.npmjs.org/pascal-case/-/pascal-case-3.1.2.tgz",
			"integrity": "sha512-uWlGT3YSnK9x3BQJaOdcZwrnV6hPpd8jFH1/ucpiLRPh/2zCVJKS19E4GvYHvaCcACn3foXZ0cLB9Wrx1KGe5g==",
			"dev": true,
			"dependencies": {
				"no-case": "^3.0.4",
				"tslib": "^2.0.3"
			}
		},
		"node_modules/svelte": {
			"version": "3.50.1",
			"resolved": "https://registry.npmjs.org/svelte/-/svelte-3.50.1.tgz",
			"integrity": "sha512-bS4odcsdj5D5jEg6riZuMg5NKelzPtmsCbD9RG+8umU03TeNkdWnP6pqbCm0s8UQNBkqk29w/Bdubn3C+HWSwA==",
			"dev": true,
			"peer": true,
			"engines": {
				"node": ">= 8"
			}
		},
		"node_modules/svelte2tsx": {
			"version": "0.5.19",
			"resolved": "https://registry.npmjs.org/svelte2tsx/-/svelte2tsx-0.5.19.tgz",
			"integrity": "sha512-PvhcjG3fVhFmoO7XWYYqWYkg7lQzO8Q9/T4RQiCAsTZ+lK+9jCAPV8rbeQD8M4AN44u3JqgvaxHrmh095SaxBA==",
			"dev": true,
			"dependencies": {
				"dedent-js": "^1.0.1",
				"pascal-case": "^3.1.1"
			},
			"peerDependencies": {
				"svelte": "^3.24",
				"typescript": "^4.1.2"
			}
		},
		"node_modules/tslib": {
			"version": "2.4.0",
			"resolved": "https://registry.npmjs.org/tslib/-/tslib-2.4.0.tgz",
			"integrity": "sha512-d6xOpEDfsi2CZVlPQzGeux8XMwLT9hssAsaPYExaQMuYskwb+x1x7J371tWlbBdWHroy99KnVB6qIkUbs5X3UQ==",
			"dev": true
		},
		"node_modules/typescript": {
			"version": "4.8.4",
			"resolved": "https://registry.npmjs.org/typescript/-/typescript-4.8.4.tgz",
			"integrity": "sha512-QCh+85mCy+h0IGff8r5XWzOVSbBO+KfeYrMQh7NJ58QujwcE22u+NUSmUxqF+un70P9GXKxa2HCNiTTMJknyjQ==",
			"dev": true,
			"peer": true,
			"bin": {
				"tsc": "bin/tsc",
				"tsserver": "bin/tsserver"
			},
			"engines": {
				"node": ">=4.2.0"
			}
		}
	},
	"dependencies": {
		"@material/animation": {
			"version": "13.0.0",
			"resolved": "https://registry.npmjs.org/@material/animation/-/animation-13.0.0.tgz",
			"integrity": "sha512-YR0/u4u56qXDjKYolQ7F+IvlPkaSBhMl/dZv8DK0FbD6PH4ckOPd3bEXNRndXtprsxwknQQP2pttjPImylkl0g==",
			"dev": true,
			"requires": {
				"tslib": "^2.1.0"
			}
		},
		"@material/base": {
			"version": "13.0.0",
			"resolved": "https://registry.npmjs.org/@material/base/-/base-13.0.0.tgz",
			"integrity": "sha512-vFx0JryRfcvUNX3cZ2u32wUMvxzd+c/YW0LFOXNgqCDWlubHcMm0Y6Wz371LhfQo80/NE69u+/4Joo99yKnVeg==",
			"dev": true,
			"requires": {
				"tslib": "^2.1.0"
			}
		},
		"@material/density": {
			"version": "13.0.0",
			"resolved": "https://registry.npmjs.org/@material/density/-/density-13.0.0.tgz",
			"integrity": "sha512-ppJTzOsuhjQam5GvHaq/XZocZNUr+41XQ2sd5nONAmQ0wwzXgqG0FaxtF1EXqK3uZFadz+vAu6enagre9DXhTA==",
			"dev": true,
			"requires": {
				"tslib": "^2.1.0"
			}
		},
		"@material/dom": {
			"version": "13.0.0",
			"resolved": "https://registry.npmjs.org/@material/dom/-/dom-13.0.0.tgz",
			"integrity": "sha512-M9HLAYBZtkTUvf66FL+jAEvUOdhji1HkGA1mV6oyE+HY9gkCkmso+mngvzlLd5+uaAVE9I3WQFhSb9gp0cpXnw==",
			"dev": true,
			"requires": {
				"@material/feature-targeting": "^13.0.0",
				"tslib": "^2.1.0"
			}
		},
		"@material/feature-targeting": {
			"version": "13.0.0",
			"resolved": "https://registry.npmjs.org/@material/feature-targeting/-/feature-targeting-13.0.0.tgz",
			"integrity": "sha512-QJClfeaA4EMyAxKJy9WR0Nx+/VwSZCkhGLUVBG9NhxqYGfl/LtaeaidrNm32vYEoNZAofN92VD2RwQTRwp/dMQ==",
			"dev": true,
			"requires": {
				"tslib": "^2.1.0"
			}
		},
		"@material/list": {
			"version": "13.0.0",
			"resolved": "https://registry.npmjs.org/@material/list/-/list-13.0.0.tgz",
			"integrity": "sha512-poq4WNDEfW6Z3YPAn3wdBX4RSkj3A83Pht6984MmG8YJZMlq34ftHECw37VcdmFJIyRPdpZqywJo/i7CxsSAgQ==",
			"dev": true,
			"requires": {
				"@material/base": "^13.0.0",
				"@material/density": "^13.0.0",
				"@material/dom": "^13.0.0",
				"@material/feature-targeting": "^13.0.0",
				"@material/ripple": "^13.0.0",
				"@material/rtl": "^13.0.0",
				"@material/shape": "^13.0.0",
				"@material/theme": "^13.0.0",
				"@material/typography": "^13.0.0",
				"tslib": "^2.1.0"
			}
		},
		"@material/ripple": {
			"version": "13.0.0",
			"resolved": "https://registry.npmjs.org/@material/ripple/-/ripple-13.0.0.tgz",
			"integrity": "sha512-hx4B40hB2rRfsGwf1jwo2GGlYDq0yUQjcMcMmXfQipPJNpQhy8ylmXKc1DBjmWf7EQ/MgbfCSYwPrYXrbGP31w==",
			"dev": true,
			"requires": {
				"@material/animation": "^13.0.0",
				"@material/base": "^13.0.0",
				"@material/dom": "^13.0.0",
				"@material/feature-targeting": "^13.0.0",
				"@material/rtl": "^13.0.0",
				"@material/theme": "^13.0.0",
				"tslib": "^2.1.0"
			}
		},
		"@material/rtl": {
			"version": "13.0.0",
			"resolved": "https://registry.npmjs.org/@material/rtl/-/rtl-13.0.0.tgz",
			"integrity": "sha512-nFGy3iQg7k+xLs67eb86mRFVLwa0yi7MusqRK4OM8DXcLO5yoVfUTPKpdSykcbRryp9imVHsxutox2tZawR4og==",
			"dev": true,
			"requires": {
				"@material/theme": "^13.0.0",
				"tslib": "^2.1.0"
			}
		},
		"@material/shape": {
			"version": "13.0.0",
			"resolved": "https://registry.npmjs.org/@material/shape/-/shape-13.0.0.tgz",
			"integrity": "sha512-exk96+iCjzCujk3aSrvIMhmW773s1Tc0h+MbQKbt6Iv3nHJCyLSiRbxclCHXWHrVwG/9KZRkrt/g2qk7P3VRBg==",
			"dev": true,
			"requires": {
				"@material/feature-targeting": "^13.0.0",
				"@material/rtl": "^13.0.0",
				"@material/theme": "^13.0.0",
				"tslib": "^2.1.0"
			}
		},
		"@material/theme": {
			"version": "13.0.0",
			"resolved": "https://registry.npmjs.org/@material/theme/-/theme-13.0.0.tgz",
			"integrity": "sha512-KAe1s0MvvfCGAwJliDVTvgAKuD3ESwhl7F7br4Iam4IPdqME2rWl8NPhKHFfaWqTG7PyCgMMngYEYuA8cLNTsA==",
			"dev": true,
			"requires": {
				"@material/feature-targeting": "^13.0.0",
				"tslib": "^2.1.0"
			}
		},
		"@material/typography": {
			"version": "13.0.0",
			"resolved": "https://registry.npmjs.org/@material/typography/-/typography-13.0.0.tgz",
			"integrity": "sha512-UfaK4vT3LmGiiySf2RVIrf7fJZa6EJadFwo4YUMJx9bvUMRlBm1oI8Vo9fYpKdLfuSTeA+2BlgbwYVObj3laFw==",
			"dev": true,
			"requires": {
				"@material/feature-targeting": "^13.0.0",
				"@material/theme": "^13.0.0",
				"tslib": "^2.1.0"
			}
		},
		"@smui/common": {
			"version": "6.1.4",
			"resolved": "https://registry.npmjs.org/@smui/common/-/common-6.1.4.tgz",
			"integrity": "sha512-l6c4gJH+qP9HdM9RhTP07Gl8eewVbYWT7QfVSAF+wwji32ndjgZLlP5P2Jl/GmsQOOlDoNB3VPy/o4Z/kab31g==",
			"dev": true,
			"requires": {
				"@material/dom": "^13.0.0",
				"@tsconfig/svelte": "^3.0.0",
				"svelte2tsx": "^0.5.12"
			}
		},
		"@smui/list": {
			"version": "6.1.4",
			"resolved": "https://registry.npmjs.org/@smui/list/-/list-6.1.4.tgz",
			"integrity": "sha512-YPecf8ib/EETUVlt+TZMclzm5S+usMVpFsIgidMR75+HFUpXVlHsaOqGdQuQYJ75YRf3HZcYwUNn4t2B3ayhTg==",
			"dev": true,
			"requires": {
				"@material/dom": "^13.0.0",
				"@material/feature-targeting": "^13.0.0",
				"@material/list": "^13.0.0",
				"@smui/common": "^6.1.4",
				"@smui/ripple": "^6.1.4",
				"svelte2tsx": "^0.5.12"
			}
		},
		"@smui/ripple": {
			"version": "6.1.4",
			"resolved": "https://registry.npmjs.org/@smui/ripple/-/ripple-6.1.4.tgz",
			"integrity": "sha512-bMyjVE13Mpy8iygQTtxFTPfxJcefAD/4JBDTm3EORhyO16CcSHhHmMuUjP8YxWTPmn+mnWaeNORZ31aJt4tlYw==",
			"dev": true,
			"requires": {
				"@material/dom": "^13.0.0",
				"@material/ripple": "^13.0.0",
				"@smui/common": "^6.1.4",
				"svelte2tsx": "^0.5.12"
			}
		},
		"@sveltejs/adapter-static": {
			"version": "1.0.0-next.43",
			"resolved": "https://registry.npmjs.org/@sveltejs/adapter-static/-/adapter-static-1.0.0-next.43.tgz",
			"integrity": "sha512-PAgSp1GA8HkYE4p30/sBvJme2nefhcTBJafqQdMNoUksWZF2WzuL8OEO8wa9ndE6cghcGk3j6Ve0Oskg/wtTOw==",
			"dev": true
		},
		"@tsconfig/svelte": {
			"version": "3.0.0",
			"resolved": "https://registry.npmjs.org/@tsconfig/svelte/-/svelte-3.0.0.tgz",
			"integrity": "sha512-pYrtLtOwku/7r1i9AMONsJMVYAtk3hzOfiGNekhtq5tYBGA7unMve8RvUclKLMT3PrihvJqUmzsRGh0RP84hKg==",
			"dev": true
		},
		"dedent-js": {
			"version": "1.0.1",
			"resolved": "https://registry.npmjs.org/dedent-js/-/dedent-js-1.0.1.tgz",
			"integrity": "sha512-OUepMozQULMLUmhxS95Vudo0jb0UchLimi3+pQ2plj61Fcy8axbP9hbiD4Sz6DPqn6XG3kfmziVfQ1rSys5AJQ==",
			"dev": true
		},
		"lower-case": {
			"version": "2.0.2",
			"resolved": "https://registry.npmjs.org/lower-case/-/lower-case-2.0.2.tgz",
			"integrity": "sha512-7fm3l3NAF9WfN6W3JOmf5drwpVqX78JtoGJ3A6W0a6ZnldM41w2fV5D490psKFTpMds8TJse/eHLFFsNHHjHgg==",
			"dev": true,
			"requires": {
				"tslib": "^2.0.3"
			}
		},
		"no-case": {
			"version": "3.0.4",
			"resolved": "https://registry.npmjs.org/no-case/-/no-case-3.0.4.tgz",
			"integrity": "sha512-fgAN3jGAh+RoxUGZHTSOLJIqUc2wmoBwGR4tbpNAKmmovFoWq0OdRkb0VkldReO2a2iBT/OEulG9XSUc10r3zg==",
			"dev": true,
			"requires": {
				"lower-case": "^2.0.2",
				"tslib": "^2.0.3"
			}
		},
		"pascal-case": {
			"version": "3.1.2",
			"resolved": "https://registry.npmjs.org/pascal-case/-/pascal-case-3.1.2.tgz",
			"integrity": "sha512-uWlGT3YSnK9x3BQJaOdcZwrnV6hPpd8jFH1/ucpiLRPh/2zCVJKS19E4GvYHvaCcACn3foXZ0cLB9Wrx1KGe5g==",
			"dev": true,
			"requires": {
				"no-case": "^3.0.4",
				"tslib": "^2.0.3"
			}
		},
		"svelte": {
			"version": "3.50.1",
			"resolved": "https://registry.npmjs.org/svelte/-/svelte-3.50.1.tgz",
			"integrity": "sha512-bS4odcsdj5D5jEg6riZuMg5NKelzPtmsCbD9RG+8umU03TeNkdWnP6pqbCm0s8UQNBkqk29w/Bdubn3C+HWSwA==",
			"dev": true,
			"peer": true
		},
		"svelte2tsx": {
			"version": "0.5.19",
			"resolved": "https://registry.npmjs.org/svelte2tsx/-/svelte2tsx-0.5.19.tgz",
			"integrity": "sha512-PvhcjG3fVhFmoO7XWYYqWYkg7lQzO8Q9/T4RQiCAsTZ+lK+9jCAPV8rbeQD8M4AN44u3JqgvaxHrmh095SaxBA==",
			"dev": true,
			"requires": {
				"dedent-js": "^1.0.1",
				"pascal-case": "^3.1.1"
			}
		},
		"tslib": {
			"version": "2.4.0",
			"resolved": "https://registry.npmjs.org/tslib/-/tslib-2.4.0.tgz",
			"integrity": "sha512-d6xOpEDfsi2CZVlPQzGeux8XMwLT9hssAsaPYExaQMuYskwb+x1x7J371tWlbBdWHroy99KnVB6qIkUbs5X3UQ==",
			"dev": true
		},
		"typescript": {
			"version": "4.8.4",
			"resolved": "https://registry.npmjs.org/typescript/-/typescript-4.8.4.tgz",
			"integrity": "sha512-QCh+85mCy+h0IGff8r5XWzOVSbBO+KfeYrMQh7NJ58QujwcE22u+NUSmUxqF+un70P9GXKxa2HCNiTTMJknyjQ==",
			"dev": true,
			"peer": true
		}
	}
}
